{
  "name": "pettybot",
  "version": "1.0.0",
  "lockfileVersion": 3,
  "requires": true,
  "packages": {
    "": {
      "name": "pettybot",
      "version": "1.0.0",
      "license": "ISC",
      "dependencies": {
        "@anthropic-ai/sdk": "^0.65.0",
        "@atproto/api": "^0.17.0",
        "dotenv": "^17.2.3"
      }
    },
    "node_modules/@anthropic-ai/sdk": {
      "version": "0.65.0",
      "resolved": "https://registry.npmjs.org/@anthropic-ai/sdk/-/sdk-0.65.0.tgz",
      "integrity": "sha512-zIdPOcrCVEI8t3Di40nH4z9EoeyGZfXbYSvWdDLsB/KkaSYMnEgC7gmcgWu83g2NTn1ZTpbMvpdttWDGGIk6zw==",
      "dependencies": {
        "json-schema-to-ts": "^3.1.1"
      },
      "bin": {
        "anthropic-ai-sdk": "bin/cli"
      },
      "peerDependencies": {
        "zod": "^3.25.0 || ^4.0.0"
      },
      "peerDependenciesMeta": {
        "zod": {
          "optional": true
        }
      }
    },
    "node_modules/@atproto/api": {
      "version": "0.17.0",
      "resolved": "https://registry.npmjs.org/@atproto/api/-/api-0.17.0.tgz",
      "integrity": "sha512-FNS9SW7/3kslAnJH7F4fO9/jPjXzC0NMD6u9NjJ/h4EnaIEpWHZQPkmD9Q2hvAwD6+Uo2boYZEPKkOa55Lr5Dg==",
      "dependencies": {
        "@atproto/common-web": "^0.4.3",
        "@atproto/lexicon": "^0.5.1",
        "@atproto/syntax": "^0.4.1",
        "@atproto/xrpc": "^0.7.5",
        "await-lock": "^2.2.2",
        "multiformats": "^9.9.0",
        "tlds": "^1.234.0",
        "zod": "^3.23.8"
      }
    },
    "node_modules/@atproto/common-web": {
      "version": "0.4.3",
      "resolved": "https://registry.npmjs.org/@atproto/common-web/-/common-web-0.4.3.tgz",
      "integrity": "sha512-nRDINmSe4VycJzPo6fP/hEltBcULFxt9Kw7fQk6405FyAWZiTluYHlXOnU7GkQfeUK44OENG1qFTBcmCJ7e8pg==",
      "dependencies": {
        "graphemer": "^1.4.0",
        "multiformats": "^9.9.0",
        "uint8arrays": "3.0.0",
        "zod": "^3.23.8"
      }
    },
    "node_modules/@atproto/lexicon": {
      "version": "0.5.1",
      "resolved": "https://registry.npmjs.org/@atproto/lexicon/-/lexicon-0.5.1.tgz",
      "integrity": "sha512-y8AEtYmfgVl4fqFxqXAeGvhesiGkxiy3CWoJIfsFDDdTlZUC8DFnZrYhcqkIop3OlCkkljvpSJi1hbeC1tbi8A==",
      "dependencies": {
        "@atproto/common-web": "^0.4.3",
        "@atproto/syntax": "^0.4.1",
        "iso-datestring-validator": "^2.2.2",
        "multiformats": "^9.9.0",
        "zod": "^3.23.8"
      }
    },
    "node_modules/@atproto/syntax": {
      "version": "0.4.1",
      "resolved": "https://registry.npmjs.org/@atproto/syntax/-/syntax-0.4.1.tgz",
      "integrity": "sha512-CJdImtLAiFO+0z3BWTtxwk6aY5w4t8orHTMVJgkf++QRJWTxPbIFko/0hrkADB7n2EruDxDSeAgfUGehpH6ngw=="
    },
    "node_modules/@atproto/xrpc": {
      "version": "0.7.5",
      "resolved": "https://registry.npmjs.org/@atproto/xrpc/-/xrpc-0.7.5.tgz",
      "integrity": "sha512-MUYNn5d2hv8yVegRL0ccHvTHAVj5JSnW07bkbiaz96UH45lvYNRVwt44z+yYVnb0/mvBzyD3/ZQ55TRGt7fHkA==",
      "dependencies": {
        "@atproto/lexicon": "^0.5.1",
        "zod": "^3.23.8"
      }
    },
    "node_modules/@babel/runtime": {
      "version": "7.28.4",
      "resolved": "https://registry.npmjs.org/@babel/runtime/-/runtime-7.28.4.tgz",
      "integrity": "sha512-Q/N6JNWvIvPnLDvjlE1OUBLPQHH6l3CltCEsHIujp45zQUSSh8K+gHnaEX45yAT1nyngnINhvWtzN+Nb9D8RAQ==",
      "engines": {
        "node": ">=6.9.0"
      }
    },
    "node_modules/await-lock": {
      "version": "2.2.2",
      "resolved": "https://registry.npmjs.org/await-lock/-/await-lock-2.2.2.tgz",
      "integrity": "sha512-aDczADvlvTGajTDjcjpJMqRkOF6Qdz3YbPZm/PyW6tKPkx2hlYBzxMhEywM/tU72HrVZjgl5VCdRuMlA7pZ8Gw=="
    },
    "node_modules/dotenv": {
      "version": "17.2.3",
      "resolved": "https://registry.npmjs.org/dotenv/-/dotenv-17.2.3.tgz",
      "integrity": "sha512-JVUnt+DUIzu87TABbhPmNfVdBDt18BLOWjMUFJMSi/Qqg7NTYtabbvSNJGOJ7afbRuv9D/lngizHtP7QyLQ+9w==",
      "engines": {
        "node": ">=12"
      },
      "funding": {
        "url": "https://dotenvx.com"
      }
    },
    "node_modules/graphemer": {
      "version": "1.4.0",
      "resolved": "https://registry.npmjs.org/graphemer/-/graphemer-1.4.0.tgz",
      "integrity": "sha512-EtKwoO6kxCL9WO5xipiHTZlSzBm7WLT627TqC/uVRd0HKmq8NXyebnNYxDoBi7wt8eTWrUrKXCOVaFq9x1kgag=="
    },
    "node_modules/iso-datestring-validator": {
      "version": "2.2.2",
      "resolved": "https://registry.npmjs.org/iso-datestring-validator/-/iso-datestring-validator-2.2.2.tgz",
      "integrity": "sha512-yLEMkBbLZTlVQqOnQ4FiMujR6T4DEcCb1xizmvXS+OxuhwcbtynoosRzdMA69zZCShCNAbi+gJ71FxZBBXx1SA=="
    },
    "node_modules/json-schema-to-ts": {
      "version": "3.1.1",
      "resolved": "https://registry.npmjs.org/json-schema-to-ts/-/json-schema-to-ts-3.1.1.tgz",
      "integrity": "sha512-+DWg8jCJG2TEnpy7kOm/7/AxaYoaRbjVB4LFZLySZlWn8exGs3A4OLJR966cVvU26N7X9TWxl+Jsw7dzAqKT6g==",
      "dependencies": {
        "@babel/runtime": "^7.18.3",
        "ts-algebra": "^2.0.0"
      },
      "engines": {
        "node": ">=16"
      }
    },
    "node_modules/multiformats": {
      "version": "9.9.0",
      "resolved": "https://registry.npmjs.org/multiformats/-/multiformats-9.9.0.tgz",
      "integrity": "sha512-HoMUjhH9T8DDBNT+6xzkrd9ga/XiBI4xLr58LJACwK6G3HTOPeMz4nB4KJs33L2BelrIJa7P0VuNaVF3hMYfjg=="
    },
    "node_modules/tlds": {
      "version": "1.260.0",
      "resolved": "https://registry.npmjs.org/tlds/-/tlds-1.260.0.tgz",
      "integrity": "sha512-78+28EWBhCEE7qlyaHA9OR3IPvbCLiDh3Ckla593TksfFc9vfTsgvH7eS+dr3o9qr31gwGbogcI16yN91PoRjQ==",
      "bin": {
        "tlds": "bin.js"
      }
    },
    "node_modules/ts-algebra": {
      "version": "2.0.0",
      "resolved": "https://registry.npmjs.org/ts-algebra/-/ts-algebra-2.0.0.tgz",
      "integrity": "sha512-FPAhNPFMrkwz76P7cdjdmiShwMynZYN6SgOujD1urY4oNm80Ou9oMdmbR45LotcKOXoy7wSmHkRFE6Mxbrhefw=="
    },
    "node_modules/uint8arrays": {
      "version": "3.0.0",
      "resolved": "https://registry.npmjs.org/uint8arrays/-/uint8arrays-3.0.0.tgz",
      "integrity": "sha512-HRCx0q6O9Bfbp+HHSfQQKD7wU70+lydKVt4EghkdOvlK/NlrF90z+eXV34mUd48rNvVJXwkrMSPpCATkct8fJA==",
      "dependencies": {
        "multiformats": "^9.4.2"
      }
    },
    "node_modules/zod": {
      "version": "3.25.76",
      "resolved": "https://registry.npmjs.org/zod/-/zod-3.25.76.tgz",
      "integrity": "sha512-gzUt/qt81nXsFGKIFcC3YnfEAx5NkunCfnDlvuBSSFS02bcXu4Lmea0AFIUwbLWxWPx3d9p8S5QoaujKcNQxcQ==",
      "funding": {
        "url": "https://github.com/sponsors/colinhacks"
      }
    }
  }
}
